{
  "requires": true,
  "lockfileVersion": 1,
  "dependencies": {
    "atob": {
      "version": "2.1.2",
      "resolved": "https://registry.npm.taobao.org/atob/download/atob-2.1.2.tgz",
      "integrity": "sha1-bZUX654DDSQ2ZmZR6GvZ9vE1M8k="
    },
    "css": {
      "version": "3.0.0",
      "resolved": "https://registry.npm.taobao.org/css/download/css-3.0.0.tgz?cache=0&sync_timestamp=1593663592812&other_urls=https%3A%2F%2Fregistry.npm.taobao.org%2Fcss%2Fdownload%2Fcss-3.0.0.tgz",
      "integrity": "sha1-REek1Y/dAzZ8UWyp9krjZc7kql0=",
      "requires": {
        "inherits": "^2.0.4",
        "source-map": "^0.6.1",
        "source-map-resolve": "^0.6.0"
      }
    },
    "css.js": {
      "version": "0.2.3",
      "resolved": "https://registry.npm.taobao.org/css.js/download/css.js-0.2.3.tgz",
      "integrity": "sha1-4mfufKM9dHXgklQffHZV73jVTmk="
    },
    "decode-uri-component": {
      "version": "0.2.0",
      "resolved": "https://registry.npm.taobao.org/decode-uri-component/download/decode-uri-component-0.2.0.tgz",
      "integrity": "sha1-6zkTMzRYd1y4TNGh+uBiEGu4dUU="
    },
    "denque": {
      "version": "1.4.1",
      "resolved": "https://registry.npm.taobao.org/denque/download/denque-1.4.1.tgz",
      "integrity": "sha1-Z0T/dkHBSMP4ppwwflEjXB9KN88="
    },
    "inherits": {
      "version": "2.0.4",
      "resolved": "https://registry.npm.taobao.org/inherits/download/inherits-2.0.4.tgz",
      "integrity": "sha1-D6LGT5MpF8NDOg3tVTY6rjdBa3w="
    },
    "redis": {
      "version": "3.0.2",
      "resolved": "https://registry.npm.taobao.org/redis/download/redis-3.0.2.tgz",
      "integrity": "sha1-vUcGe4pKPmouVW5X9xzILHNgFQo=",
      "requires": {
        "denque": "^1.4.1",
        "redis-commands": "^1.5.0",
        "redis-errors": "^1.2.0",
        "redis-parser": "^3.0.0"
      }
    },
    "redis-commands": {
      "version": "1.6.0",
      "resolved": "https://registry.npm.taobao.org/redis-commands/download/redis-commands-1.6.0.tgz",
      "integrity": "sha1-NtTKQq6e0pgVzbMK2fl5guuhziM="
    },
    "redis-errors": {
      "version": "1.2.0",
      "resolved": "https://registry.npm.taobao.org/redis-errors/download/redis-errors-1.2.0.tgz",
      "integrity": "sha1-62LSrbFeTq9GEMBK/hUpOEJQq60="
    },
    "redis-parser": {
      "version": "3.0.0",
      "resolved": "https://registry.npm.taobao.org/redis-parser/download/redis-parser-3.0.0.tgz",
      "integrity": "sha1-tm2CjNyv5rS4pCin3vTGvKwxyLQ=",
      "requires": {
        "redis-errors": "^1.0.0"
      }
    },
    "redis-url": {
      "version": "0.2.0",
      "resolved": "https://registry.npm.taobao.org/redis-url/download/redis-url-0.2.0.tgz",
      "integrity": "sha1-G3otrMw+qCZLH7ZWwNkB2cqcVHA=",
      "requires": {
        "redis": ">= 0.0.1"
      }
    },
    "source-map": {
      "version": "0.6.1",
      "resolved": "https://registry.npm.taobao.org/source-map/download/source-map-0.6.1.tgz",
      "integrity": "sha1-dHIq8y6WFOnCh6jQu95IteLxomM="
    },
    "source-map-resolve": {
      "version": "0.6.0",
      "resolved": "https://registry.npm.taobao.org/source-map-resolve/download/source-map-resolve-0.6.0.tgz",
      "integrity": "sha1-PZ34fiNrU/FtAeWBUPx3EROOXtI=",
      "requires": {
        "atob": "^2.1.2",
        "decode-uri-component": "^0.2.0"
      }
    },
    "src": {
      "version": "1.1.2",
      "resolved": "https://registry.npm.taobao.org/src/download/src-1.1.2.tgz",
      "integrity": "sha1-eKvdHAjKyibMbPRb1YC1bZOs+38=",
      "requires": {
        "redis-url": "~0.2.0",
        "underscore": "~1.6.0",
        "uuid": "~1.4.1"
      }
    },
    "underscore": {
      "version": "1.6.0",
      "resolved": "https://registry.npm.taobao.org/underscore/download/underscore-1.6.0.tgz",
      "integrity": "sha1-izixDKze9jM3uLJOT/htRa6lKag="
    },
    "uuid": {
      "version": "1.4.2",
      "resolved": "https://registry.npm.taobao.org/uuid/download/uuid-1.4.2.tgz?cache=0&sync_timestamp=1601826530476&other_urls=https%3A%2F%2Fregistry.npm.taobao.org%2Fuuid%2Fdownload%2Fuuid-1.4.2.tgz",
      "integrity": "sha1-RTAZ9oaWam34PNxSROfJkOzDMvw="
    }
  }
}
